<?xml version="1.0" encoding="utf-8"?>
<Project ToolsVersion="4.0" xmlns="http://schemas.microsoft.com/developer/msbuild/2003">
  <ItemGroup>
    <Filter Include="Source Files">
      <UniqueIdentifier>{4FC737F1-C7A5-4376-A066-2A32D752A2FF}</UniqueIdentifier>
      <Extensions>cpp;c;cc;cxx;c++;cppm;ixx;def;odl;idl;hpj;bat;asm;asmx</Extensions>
    </Filter>
    <Filter Include="Header Files">
      <UniqueIdentifier>{93995380-89BD-4b04-88EB-625FBE52EBFB}</UniqueIdentifier>
      <Extensions>h;hh;hpp;hxx;h++;hm;inl;inc;ipp;xsd</Extensions>
    </Filter>
    <Filter Include="Resource Files">
      <UniqueIdentifier>{67DA6AB6-F800-4c08-8B7A-83BB121AAD01}</UniqueIdentifier>
      <Extensions>rc;ico;cur;bmp;dlg;rc2;rct;bin;rgs;gif;jpg;jpeg;jpe;resx;tiff;tif;png;wav;mfcribbon-ms</Extensions>
    </Filter>
    <Filter Include="Resource Files\shaders">
      <UniqueIdentifier>{a884ea73-acf8-4a5e-82d6-da2e36b19705}</UniqueIdentifier>
    </Filter>
    <Filter Include="Source Files\imgui">
      <UniqueIdentifier>{28f468c1-8a3d-40d1-8f47-3b609e021e13}</UniqueIdentifier>
    </Filter>
    <Filter Include="Header Files\imgui">
      <UniqueIdentifier>{d4255b95-a7b8-4627-8931-1fdabe066682}</UniqueIdentifier>
    </Filter>
    <Filter Include="Header Files\Rendering">
      <UniqueIdentifier>{bc14bf24-5185-4cc0-ab69-b40114ef96b8}</UniqueIdentifier>
    </Filter>
    <Filter Include="Header Files\Entity">
      <UniqueIdentifier>{30358ca3-1031-4bd1-908d-0fa56a49bc6e}</UniqueIdentifier>
    </Filter>
    <Filter Include="Header Files\Components">
      <UniqueIdentifier>{9075b52b-1e2c-48cb-9be0-e6abba023277}</UniqueIdentifier>
    </Filter>
    <Filter Include="Header Files\Systems">
      <UniqueIdentifier>{f1f92914-778e-4783-8108-60532533d098}</UniqueIdentifier>
    </Filter>
    <Filter Include="Header Files\Core">
      <UniqueIdentifier>{3d650287-2da6-4fbd-a85c-be24eab7e316}</UniqueIdentifier>
    </Filter>
    <Filter Include="Source Files\Systems">
      <UniqueIdentifier>{ed31050d-9b61-475c-a97b-1563a4c31e84}</UniqueIdentifier>
    </Filter>
    <Filter Include="Source Files\Core">
      <UniqueIdentifier>{c4e804ce-ebd0-46d9-8894-5060a2dc7f2b}</UniqueIdentifier>
    </Filter>
    <Filter Include="Header Files\Core\Vehicle">
      <UniqueIdentifier>{949fbe44-f620-4191-8f2c-f6c2a081ed5c}</UniqueIdentifier>
    </Filter>
    <Filter Include="Header Files\Core\Vehicle\base">
      <UniqueIdentifier>{3c841342-af3f-445d-bd5b-5643ea923536}</UniqueIdentifier>
    </Filter>
    <Filter Include="Header Files\Core\Vehicle\directdrivetrain">
      <UniqueIdentifier>{dcc37db3-c48b-4234-bc36-00fcdca4f650}</UniqueIdentifier>
    </Filter>
    <Filter Include="Header Files\Core\Vehicle\enginedrivetrain">
      <UniqueIdentifier>{388a317f-56fa-463d-a329-088894f91f11}</UniqueIdentifier>
    </Filter>
    <Filter Include="Header Files\Core\Vehicle\physxintegration">
      <UniqueIdentifier>{5724d3a6-be91-4cb0-a315-d638e3b024bc}</UniqueIdentifier>
    </Filter>
    <Filter Include="Header Files\Core\Vehicle\serialization">
      <UniqueIdentifier>{8d53b767-a994-4c1d-ac85-5c3489e751ac}</UniqueIdentifier>
    </Filter>
    <Filter Include="Source Files\Core\Vehicle">
      <UniqueIdentifier>{6f6da323-6004-47a8-bbc8-97e78068c023}</UniqueIdentifier>
    </Filter>
    <Filter Include="Source Files\Core\Vehicle\base">
      <UniqueIdentifier>{a760157c-cc30-43d1-8235-6922b8f6d205}</UniqueIdentifier>
    </Filter>
    <Filter Include="Source Files\Core\Vehicle\directdrivetrain">
      <UniqueIdentifier>{4defd6cf-11f9-4222-8d01-f4c30d866e9e}</UniqueIdentifier>
    </Filter>
    <Filter Include="Source Files\Core\Vehicle\enginedrivetrain">
      <UniqueIdentifier>{65ccb647-6583-418b-bc8a-6b1ed1999276}</UniqueIdentifier>
    </Filter>
    <Filter Include="Source Files\Core\Vehicle\serialization">
      <UniqueIdentifier>{78584466-455d-4973-bbda-03ecf3931f77}</UniqueIdentifier>
    </Filter>
    <Filter Include="Source Files\Core\Vehicle\physxintegration">
      <UniqueIdentifier>{4d2edb3b-9e17-4ee9-a8af-af80fc819539}</UniqueIdentifier>
    </Filter>
    <Filter Include="Header Files\Core\Rendering">
      <UniqueIdentifier>{34114f59-9888-4406-a206-839aba42d24f}</UniqueIdentifier>
    </Filter>
    <Filter Include="Source Files\Core\Rendering">
      <UniqueIdentifier>{1d06648f-3303-4175-ad95-2454e316ecf5}</UniqueIdentifier>
    </Filter>
  </ItemGroup>
  <ItemGroup>
    <ClCompile Include="src\Game.cpp">
      <Filter>Source Files</Filter>
    </ClCompile>
    <ClCompile Include="src\glad.c">
      <Filter>Source Files</Filter>
    </ClCompile>
    <ClCompile Include="src\InputManager.cpp">
      <Filter>Source Files</Filter>
    </ClCompile>
    <ClCompile Include="src\main.cpp">
      <Filter>Source Files</Filter>
    </ClCompile>
    <ClCompile Include="src\Window.cpp">
      <Filter>Source Files</Filter>
    </ClCompile>
    <ClCompile Include="thirdparty\include\imgui\imgui.cpp">
      <Filter>Source Files\imgui</Filter>
    </ClCompile>
    <ClCompile Include="thirdparty\include\imgui\imgui_demo.cpp">
      <Filter>Source Files\imgui</Filter>
    </ClCompile>
    <ClCompile Include="thirdparty\include\imgui\imgui_draw.cpp">
      <Filter>Source Files\imgui</Filter>
    </ClCompile>
    <ClCompile Include="thirdparty\include\imgui\imgui_impl_glfw.cpp">
      <Filter>Source Files\imgui</Filter>
    </ClCompile>
    <ClCompile Include="thirdparty\include\imgui\imgui_impl_opengl3.cpp">
      <Filter>Source Files\imgui</Filter>
    </ClCompile>
    <ClCompile Include="thirdparty\include\imgui\imgui_tables.cpp">
      <Filter>Source Files\imgui</Filter>
    </ClCompile>
    <ClCompile Include="thirdparty\include\imgui\imgui_widgets.cpp">
      <Filter>Source Files\imgui</Filter>
    </ClCompile>
    <ClCompile Include="src\ImGuiTest.cpp">
      <Filter>Source Files\imgui</Filter>
    </ClCompile>
    <ClCompile Include="Gamepad.cpp">
      <Filter>Source Files</Filter>
    </ClCompile>
    <ClCompile Include="src\Systems\CameraControlSystem.cpp">
      <Filter>Source Files\Systems</Filter>
    </ClCompile>
    <ClCompile Include="src\Systems\RenderSystem.cpp">
      <Filter>Source Files\Systems</Filter>
    </ClCompile>
    <ClCompile Include="src\Core\stb.cpp">
      <Filter>Source Files\Core</Filter>
    </ClCompile>
    <ClCompile Include="src\Core\Time.cpp">
      <Filter>Source Files\Core</Filter>
    </ClCompile>
    <ClCompile Include="src\Systems\PhysicsSystem.cpp">
      <Filter>Source Files\Systems</Filter>
    </ClCompile>
    <ClCompile Include="src\Core\Vehicle\base\Base.cpp">
      <Filter>Source Files\Core\Vehicle\base</Filter>
    </ClCompile>
    <ClCompile Include="src\Core\Vehicle\directdrivetrain\DirectDrivetrain.cpp">
      <Filter>Source Files\Core\Vehicle\directdrivetrain</Filter>
    </ClCompile>
    <ClCompile Include="src\Core\Vehicle\enginedrivetrain\EngineDrivetrain.cpp">
      <Filter>Source Files\Core\Vehicle\enginedrivetrain</Filter>
    </ClCompile>
    <ClCompile Include="src\Core\Vehicle\physxintegration\PhysXIntegration.cpp">
      <Filter>Source Files\Core\Vehicle\physxintegration</Filter>
    </ClCompile>
    <ClCompile Include="src\Core\Vehicle\serialization\DirectDrivetrainSerialization.cpp">
      <Filter>Source Files\Core\Vehicle\serialization</Filter>
    </ClCompile>
    <ClCompile Include="src\Core\Vehicle\serialization\EngineDrivetrainSerialization.cpp">
      <Filter>Source Files\Core\Vehicle\serialization</Filter>
    </ClCompile>
    <ClCompile Include="src\Core\Vehicle\serialization\SerializationCommon.cpp">
      <Filter>Source Files\Core\Vehicle\serialization</Filter>
    </ClCompile>
    <ClCompile Include="src\Core\Vehicle\serialization\BaseSerialization.cpp">
      <Filter>Source Files\Core\Vehicle\serialization</Filter>
    </ClCompile>
    <ClCompile Include="src\Core\Vehicle\SnippetVehicleHelpers.cpp">
      <Filter>Source Files\Core\Vehicle</Filter>
    </ClCompile>
    <ClCompile Include="src\Systems\LevelLoaderSystem.cpp">
      <Filter>Source Files\Systems</Filter>
    </ClCompile>
    <ClCompile Include="src\Core\Vehicle\MainVehicle.cpp">
      <Filter>Source Files\Core\Vehicle</Filter>
    </ClCompile>
    <ClCompile Include="src\Systems\VehicleControlSystem.cpp">
      <Filter>Source Files\Systems</Filter>
    </ClCompile>
    <ClCompile Include="src\Core\VBO.cpp">
      <Filter>Source Files\Core\Rendering</Filter>
    </ClCompile>
    <ClCompile Include="src\Core\VAO.cpp">
      <Filter>Source Files\Core\Rendering</Filter>
    </ClCompile>
    <ClCompile Include="src\Core\Texture.cpp">
      <Filter>Source Files\Core\Rendering</Filter>
    </ClCompile>
    <ClCompile Include="src\Core\Text.cpp">
      <Filter>Source Files\Core\Rendering</Filter>
    </ClCompile>
    <ClCompile Include="src\Core\SkyBox.cpp">
      <Filter>Source Files\Core\Rendering</Filter>
    </ClCompile>
    <ClCompile Include="src\Core\ShadowMapper.cpp">
      <Filter>Source Files\Core\Rendering</Filter>
    </ClCompile>
    <ClCompile Include="src\Core\Shader.cpp">
      <Filter>Source Files\Core\Rendering</Filter>
    </ClCompile>
    <ClCompile Include="src\Core\PostProcessor.cpp">
      <Filter>Source Files\Core\Rendering</Filter>
    </ClCompile>
    <ClCompile Include="src\Core\Model.cpp">
      <Filter>Source Files\Core\Rendering</Filter>
    </ClCompile>
    <ClCompile Include="src\Core\Mesh.cpp">
      <Filter>Source Files\Core\Rendering</Filter>
    </ClCompile>
    <ClCompile Include="src\Core\Light.cpp">
      <Filter>Source Files\Core\Rendering</Filter>
    </ClCompile>
    <ClCompile Include="src\Core\EBO.cpp">
      <Filter>Source Files\Core\Rendering</Filter>
    </ClCompile>
    <ClCompile Include="src\AudioEngine.cpp">
      <Filter>Source Files</Filter>
    </ClCompile>
  </ItemGroup>
  <ItemGroup>
    <ClInclude Include="src\Game.h">
      <Filter>Header Files</Filter>
    </ClInclude>
    <ClInclude Include="src\Window.h">
      <Filter>Header Files</Filter>
    </ClInclude>
    <ClInclude Include="thirdparty\include\imgui\imgui_impl_glfw.h">
      <Filter>Header Files\imgui</Filter>
    </ClInclude>
    <ClInclude Include="thirdparty\include\imgui\imgui_impl_opengl3.h">
      <Filter>Header Files\imgui</Filter>
    </ClInclude>
    <ClInclude Include="thirdparty\include\imgui\imgui_impl_opengl3_loader.h">
      <Filter>Header Files\imgui</Filter>
    </ClInclude>
    <ClInclude Include="thirdparty\include\imgui\imgui_internal.h">
      <Filter>Header Files\imgui</Filter>
    </ClInclude>
    <ClInclude Include="src\ImGuiTest.h">
      <Filter>Header Files\imgui</Filter>
    </ClInclude>
    <ClInclude Include="thirdparty\include\imgui\imconfig.h">
      <Filter>Header Files\imgui</Filter>
    </ClInclude>
    <ClInclude Include="thirdparty\include\imgui\imgui.h">
      <Filter>Header Files\imgui</Filter>
    </ClInclude>
    <ClInclude Include="Gamepad.h">
      <Filter>Header Files</Filter>
    </ClInclude>
    <ClInclude Include="assets\shaders\colliders.vert">
      <Filter>Resource Files\shaders</Filter>
    </ClInclude>
    <ClInclude Include="src\ECSController.h">
      <Filter>Header Files</Filter>
    </ClInclude>
    <ClInclude Include="src\Event.h">
      <Filter>Header Files</Filter>
    </ClInclude>
    <ClInclude Include="src\EventManager.h">
      <Filter>Header Files</Filter>
    </ClInclude>
    <ClInclude Include="src\Entity\EntityManager.h">
      <Filter>Header Files\Entity</Filter>
    </ClInclude>
    <ClInclude Include="src\Components\ComponentArray.h">
      <Filter>Header Files\Components</Filter>
    </ClInclude>
    <ClInclude Include="src\Components\ComponentManager.h">
      <Filter>Header Files\Components</Filter>
    </ClInclude>
    <ClInclude Include="src\Components\Render.h">
      <Filter>Header Files\Components</Filter>
    </ClInclude>
    <ClInclude Include="src\Components\Camera.h">
      <Filter>Header Files\Components</Filter>
    </ClInclude>
    <ClInclude Include="src\Components\Player.h">
      <Filter>Header Files\Components</Filter>
    </ClInclude>
    <ClInclude Include="src\Components\Transform.h">
      <Filter>Header Files\Components</Filter>
    </ClInclude>
    <ClInclude Include="src\Systems\CameraControlSystem.h">
      <Filter>Header Files\Systems</Filter>
    </ClInclude>
    <ClInclude Include="src\Systems\RenderSystem.h">
      <Filter>Header Files\Systems</Filter>
    </ClInclude>
    <ClInclude Include="src\Systems\SystemManager.h">
      <Filter>Header Files\Systems</Filter>
    </ClInclude>
    <ClInclude Include="src\Systems\System.h">
      <Filter>Header Files\Systems</Filter>
    </ClInclude>
    <ClInclude Include="src\Core\Time.h">
      <Filter>Header Files\Core</Filter>
    </ClInclude>
    <ClInclude Include="src\Core\Types.h">
      <Filter>Header Files\Core</Filter>
    </ClInclude>
    <ClInclude Include="src\InputManager.h">
      <Filter>Header Files</Filter>
    </ClInclude>
    <ClInclude Include="src\Systems\PhysicsSystem.h">
      <Filter>Header Files\Systems</Filter>
    </ClInclude>
    <ClInclude Include="src\Core\Vehicle\base\Base.h">
      <Filter>Header Files\Core\Vehicle\base</Filter>
    </ClInclude>
    <ClInclude Include="src\Core\Vehicle\directdrivetrain\DirectDrivetrain.h">
      <Filter>Header Files\Core\Vehicle\directdrivetrain</Filter>
    </ClInclude>
    <ClInclude Include="src\Core\Vehicle\enginedrivetrain\EngineDrivetrain.h">
      <Filter>Header Files\Core\Vehicle\enginedrivetrain</Filter>
    </ClInclude>
    <ClInclude Include="src\Core\Vehicle\physxintegration\PhysXIntegration.h">
      <Filter>Header Files\Core\Vehicle\physxintegration</Filter>
    </ClInclude>
    <ClInclude Include="src\Core\Vehicle\serialization\BaseSerialization.h">
      <Filter>Header Files\Core\Vehicle\serialization</Filter>
    </ClInclude>
    <ClInclude Include="src\Core\Vehicle\serialization\DirectDrivetrainSerialization.h">
      <Filter>Header Files\Core\Vehicle\serialization</Filter>
    </ClInclude>
    <ClInclude Include="src\Core\Vehicle\serialization\EngineDrivetrainSerialization.h">
      <Filter>Header Files\Core\Vehicle\serialization</Filter>
    </ClInclude>
    <ClInclude Include="src\Core\Vehicle\serialization\SerializationCommon.h">
      <Filter>Header Files\Core\Vehicle\serialization</Filter>
    </ClInclude>
    <ClInclude Include="src\Core\Vehicle\SnippetVehicleHelpers.h">
      <Filter>Header Files\Core\Vehicle</Filter>
    </ClInclude>
    <ClInclude Include="src\Core\EBO.h">
      <Filter>Header Files\Core\Rendering</Filter>
    </ClInclude>
    <ClInclude Include="src\Core\Light.h">
      <Filter>Header Files\Core\Rendering</Filter>
    </ClInclude>
    <ClInclude Include="src\Core\Mesh.h">
      <Filter>Header Files\Core\Rendering</Filter>
    </ClInclude>
    <ClInclude Include="src\Core\Model.h">
      <Filter>Header Files\Core\Rendering</Filter>
    </ClInclude>
    <ClInclude Include="src\Core\PostProcessor.h">
      <Filter>Header Files\Core\Rendering</Filter>
    </ClInclude>
    <ClInclude Include="src\Core\Shader.h">
      <Filter>Header Files\Core\Rendering</Filter>
    </ClInclude>
    <ClInclude Include="src\Core\ShadowMapper.h">
      <Filter>Header Files\Core\Rendering</Filter>
    </ClInclude>
    <ClInclude Include="src\Core\SkyBox.h">
      <Filter>Header Files\Core\Rendering</Filter>
    </ClInclude>
    <ClInclude Include="src\Core\Text.h">
      <Filter>Header Files\Core\Rendering</Filter>
    </ClInclude>
    <ClInclude Include="src\Core\Texture.h">
      <Filter>Header Files\Core\Rendering</Filter>
    </ClInclude>
    <ClInclude Include="src\Core\VAO.h">
      <Filter>Header Files\Core\Rendering</Filter>
    </ClInclude>
    <ClInclude Include="src\Core\VBO.h">
      <Filter>Header Files\Core\Rendering</Filter>
    </ClInclude>
    <ClInclude Include="src\Components\Physics.h">
      <Filter>Header Files\Components</Filter>
    </ClInclude>
    <ClInclude Include="src\Systems\LevelLoaderSystem.h">
      <Filter>Header Files\Systems</Filter>
    </ClInclude>
    <ClInclude Include="src\Core\Vehicle\MainVehicle.h">
      <Filter>Header Files\Core\Vehicle</Filter>
    </ClInclude>
    <ClInclude Include="src\Systems\VehicleControlSystem.h">
      <Filter>Header Files\Systems</Filter>
    </ClInclude>
    <ClInclude Include="src\AudioEngine.h">
      <Filter>Header Files</Filter>
    </ClInclude>
  </ItemGroup>
  <ItemGroup>
    <None Include="assets\shaders\default.vert">
      <Filter>Resource Files\shaders</Filter>
    </None>
    <None Include="assets\shaders\default.frag">
      <Filter>Resource Files\shaders</Filter>
    </None>
    <None Include="assets\shaders\light.frag">
      <Filter>Resource Files\shaders</Filter>
    </None>
    <None Include="assets\shaders\light.vert">
      <Filter>Resource Files\shaders</Filter>
    </None>
    <None Include="assets\shaders\skybox.frag">
      <Filter>Resource Files\shaders</Filter>
    </None>
    <None Include="assets\shaders\skybox.vert">
      <Filter>Resource Files\shaders</Filter>
    </None>
    <None Include="assets\shaders\defaultInstanced.vert">
      <Filter>Resource Files\shaders</Filter>
    </None>
    <None Include="assets\shaders\defaultInstanced.frag">
      <Filter>Resource Files\shaders</Filter>
    </None>
    <None Include="assets\shaders\postProcess.frag">
      <Filter>Resource Files\shaders</Filter>
    </None>
    <None Include="assets\shaders\postProcess.vert">
      <Filter>Resource Files\shaders</Filter>
    </None>
    <None Include="assets\shaders\colliders.frag">
      <Filter>Resource Files\shaders</Filter>
    </None>
    <None Include="assets\shaders\shadowMap.vert">
      <Filter>Resource Files\shaders</Filter>
    </None>
    <None Include="assets\shaders\shadowMap.frag">
      <Filter>Resource Files\shaders</Filter>
    </None>
    <None Include="assets\shaders\shadowMap.geom">
      <Filter>Resource Files\shaders</Filter>
    </None>
    <None Include="assets\shaders\text.vert">
      <Filter>Resource Files\shaders</Filter>
    </None>
    <None Include="assets\shaders\text.frag">
      <Filter>Resource Files\shaders</Filter>
    </None>
  </ItemGroup>
</Project>